
Microsoft Visual Studio Solution File, Format Version 12.00
# Visual Studio 14
VisualStudioVersion = 14.0.24720.0
MinimumVisualStudioVersion = 10.0.40219.1
Project("{8BC9CEB8-8B4A-11D0-8D11-00A0C91BC942}") = "pcscproxy", "..\pcscproxy\pcscproxy.vcxproj", "{303B5B59-CCB9-4AD6-BE88-2804D19FCA3E}"
	ProjectSection(ProjectDependencies) = postProject
		{15D0994B-E1C1-41D5-9D52-7301B1560EE3} = {15D0994B-E1C1-41D5-9D52-7301B1560EE3}
	EndProjectSection
EndProject
Project("{8BC9CEB8-8B4A-11D0-8D11-00A0C91BC942}") = "EidIinfraLib", "..\eidtestinfralib\EidTestinfraLib.vcxproj", "{15D0994B-E1C1-41D5-9D52-7301B1560EE3}"
EndProject
Project("{8BC9CEB8-8B4A-11D0-8D11-00A0C91BC942}") = "pcsctool", "..\extra_tools\pcsctool\pcsctool.vcxproj", "{31F7C76F-908C-4845-AD2A-60387CCE492F}"
EndProject
Global
	GlobalSection(SolutionConfigurationPlatforms) = preSolution
		Debug|Mixed Platforms = Debug|Mixed Platforms
		Debug|Win32 = Debug|Win32
		Debug|x64 = Debug|x64
		Debug|x86 = Debug|x86
		Release|Mixed Platforms = Release|Mixed Platforms
		Release|Win32 = Release|Win32
		Release|x64 = Release|x64
		Release|x86 = Release|x86
	EndGlobalSection
	GlobalSection(ProjectConfigurationPlatforms) = postSolution
		{303B5B59-CCB9-4AD6-BE88-2804D19FCA3E}.Debug|Mixed Platforms.ActiveCfg = Debug|Win32
		{303B5B59-CCB9-4AD6-BE88-2804D19FCA3E}.Debug|Mixed Platforms.Build.0 = Debug|Win32
		{303B5B59-CCB9-4AD6-BE88-2804D19FCA3E}.Debug|Win32.ActiveCfg = Debug|Win32
		{303B5B59-CCB9-4AD6-BE88-2804D19FCA3E}.Debug|Win32.Build.0 = Debug|Win32
		{303B5B59-CCB9-4AD6-BE88-2804D19FCA3E}.Debug|x64.ActiveCfg = Debug|x64
		{303B5B59-CCB9-4AD6-BE88-2804D19FCA3E}.Debug|x64.Build.0 = Debug|x64
		{303B5B59-CCB9-4AD6-BE88-2804D19FCA3E}.Debug|x86.ActiveCfg = Debug|Win32
		{303B5B59-CCB9-4AD6-BE88-2804D19FCA3E}.Debug|x86.Build.0 = Debug|Win32
		{303B5B59-CCB9-4AD6-BE88-2804D19FCA3E}.Release|Mixed Platforms.ActiveCfg = Release|Win32
		{303B5B59-CCB9-4AD6-BE88-2804D19FCA3E}.Release|Mixed Platforms.Build.0 = Release|Win32
		{303B5B59-CCB9-4AD6-BE88-2804D19FCA3E}.Release|Win32.ActiveCfg = Release|Win32
		{303B5B59-CCB9-4AD6-BE88-2804D19FCA3E}.Release|Win32.Build.0 = Release|Win32
		{303B5B59-CCB9-4AD6-BE88-2804D19FCA3E}.Release|x64.ActiveCfg = Release|x64
		{303B5B59-CCB9-4AD6-BE88-2804D19FCA3E}.Release|x64.Build.0 = Release|x64
		{303B5B59-CCB9-4AD6-BE88-2804D19FCA3E}.Release|x86.ActiveCfg = Release|Win32
		{303B5B59-CCB9-4AD6-BE88-2804D19FCA3E}.Release|x86.Build.0 = Release|Win32
		{15D0994B-E1C1-41D5-9D52-7301B1560EE3}.Debug|Mixed Platforms.ActiveCfg = Debug|Win32
		{15D0994B-E1C1-41D5-9D52-7301B1560EE3}.Debug|Mixed Platforms.Build.0 = Debug|Win32
		{15D0994B-E1C1-41D5-9D52-7301B1560EE3}.Debug|Win32.ActiveCfg = Debug|Win32
		{15D0994B-E1C1-41D5-9D52-7301B1560EE3}.Debug|Win32.Build.0 = Debug|Win32
		{15D0994B-E1C1-41D5-9D52-7301B1560EE3}.Debug|x64.ActiveCfg = Debug|x64
		{15D0994B-E1C1-41D5-9D52-7301B1560EE3}.Debug|x64.Build.0 = Debug|x64
		{15D0994B-E1C1-41D5-9D52-7301B1560EE3}.Debug|x86.ActiveCfg = Debug|Win32
		{15D0994B-E1C1-41D5-9D52-7301B1560EE3}.Debug|x86.Build.0 = Debug|Win32
		{15D0994B-E1C1-41D5-9D52-7301B1560EE3}.Release|Mixed Platforms.ActiveCfg = Release|Win32
		{15D0994B-E1C1-41D5-9D52-7301B1560EE3}.Release|Mixed Platforms.Build.0 = Release|Win32
		{15D0994B-E1C1-41D5-9D52-7301B1560EE3}.Release|Win32.ActiveCfg = Release|Win32
		{15D0994B-E1C1-41D5-9D52-7301B1560EE3}.Release|Win32.Build.0 = Release|Win32
		{15D0994B-E1C1-41D5-9D52-7301B1560EE3}.Release|x64.ActiveCfg = Release|x64
		{15D0994B-E1C1-41D5-9D52-7301B1560EE3}.Release|x64.Build.0 = Release|x64
		{15D0994B-E1C1-41D5-9D52-7301B1560EE3}.Release|x86.ActiveCfg = Release|Win32
		{15D0994B-E1C1-41D5-9D52-7301B1560EE3}.Release|x86.Build.0 = Release|Win32
		{31F7C76F-908C-4845-AD2A-60387CCE492F}.Debug|Mixed Platforms.ActiveCfg = Debug|Win32
		{31F7C76F-908C-4845-AD2A-60387CCE492F}.Debug|Mixed Platforms.Build.0 = Debug|Win32
		{31F7C76F-908C-4845-AD2A-60387CCE492F}.Debug|Win32.ActiveCfg = Debug|Win32
		{31F7C76F-908C-4845-AD2A-60387CCE492F}.Debug|Win32.Build.0 = Debug|Win32
		{31F7C76F-908C-4845-AD2A-60387CCE492F}.Debug|x64.ActiveCfg = Debug|x64
		{31F7C76F-908C-4845-AD2A-60387CCE492F}.Debug|x64.Build.0 = Debug|x64
		{31F7C76F-908C-4845-AD2A-60387CCE492F}.Debug|x86.ActiveCfg = Debug|Win32
		{31F7C76F-908C-4845-AD2A-60387CCE492F}.Debug|x86.Build.0 = Debug|Win32
		{31F7C76F-908C-4845-AD2A-60387CCE492F}.Release|Mixed Platforms.ActiveCfg = Release|Win32
		{31F7C76F-908C-4845-AD2A-60387CCE492F}.Release|Mixed Platforms.Build.0 = Release|Win32
		{31F7C76F-908C-4845-AD2A-60387CCE492F}.Release|Win32.ActiveCfg = Release|Win32
		{31F7C76F-908C-4845-AD2A-60387CCE492F}.Release|Win32.Build.0 = Release|Win32
		{31F7C76F-908C-4845-AD2A-60387CCE492F}.Release|x64.ActiveCfg = Release|x64
		{31F7C76F-908C-4845-AD2A-60387CCE492F}.Release|x64.Build.0 = Release|x64
		{31F7C76F-908C-4845-AD2A-60387CCE492F}.Release|x86.ActiveCfg = Release|Win32
		{31F7C76F-908C-4845-AD2A-60387CCE492F}.Release|x86.Build.0 = Release|Win32
	EndGlobalSection
	GlobalSection(SolutionProperties) = preSolution
		HideSolutionNode = FALSE
	EndGlobalSection
EndGlobal
